{
  "nodes": {
    "cmpbayes": {
      "inputs": {
        "nixpkgs": [
          "nixpkgs"
        ]
      },
      "locked": {
        "lastModified": 1697528365,
        "narHash": "sha256-wp/WUaFfzHmU4/sd5OSKs6OkkmU5DM97+a+pz8uvbYA=",
        "owner": "dpaetzel",
        "repo": "cmpbayes",
        "rev": "ef0bd6dba20401b55a413a7a71c89a582f096caf",
        "type": "github"
      },
      "original": {
        "owner": "dpaetzel",
        "ref": "add-beta-binomial",
        "repo": "cmpbayes",
        "type": "github"
      }
    },
    "dSFMTSource": {
      "flake": false,
      "locked": {
        "lastModified": 1604967407,
        "narHash": "sha256-ziQgCyHl1LWT2s4t/9jLfWkS/7ndWnF9KmYM6/x3a/c=",
        "owner": "MersenneTwister-Lab",
        "repo": "dSFMT",
        "rev": "6929b76f2ab07e6302f8daece28045d5bec6ff5c",
        "type": "github"
      },
      "original": {
        "owner": "MersenneTwister-Lab",
        "repo": "dSFMT",
        "type": "github"
      }
    },
    "linearTreeSrc": {
      "flake": false,
      "locked": {
        "lastModified": 1661328537,
        "narHash": "sha256-oi0jndIKpnK3CcpbnUbCqaP00w2s5UQT33aEei8GJHI=",
        "owner": "cerlymarco",
        "repo": "linear-tree",
        "rev": "2982edc050206521fa9cde7df1b1f88ab7b2183d",
        "type": "github"
      },
      "original": {
        "owner": "cerlymarco",
        "repo": "linear-tree",
        "type": "github"
      }
    },
    "mlflowExportImportSrc": {
      "flake": false,
      "locked": {
        "lastModified": 1685112862,
        "narHash": "sha256-euUzIWVdSO7xp7K/kIH+ETYAUfZ99SejEnfvnrgaKb0=",
        "owner": "mlflow",
        "repo": "mlflow-export-import",
        "rev": "f9bba6314cf9a13dab05b434491385ab44d3bb0d",
        "type": "github"
      },
      "original": {
        "owner": "mlflow",
        "ref": "f9bba63",
        "repo": "mlflow-export-import",
        "type": "github"
      }
    },
    "nixpkgs": {
      "locked": {
        "lastModified": 1696953417,
        "narHash": "sha256-En6f7Fq0L+8KevYdLkYbheOYBtFY8sx02+2R4JMhmFk=",
        "owner": "dpaetzel",
        "repo": "nixpkgs",
        "rev": "afe54f0eb631f72f35ee8c083c6774d881a9d727",
        "type": "github"
      },
      "original": {
        "owner": "dpaetzel",
        "ref": "dpaetzel/nixos-config",
        "repo": "nixpkgs",
        "type": "github"
      }
    },
    "root": {
      "inputs": {
        "cmpbayes": "cmpbayes",
        "linearTreeSrc": "linearTreeSrc",
        "mlflowExportImportSrc": "mlflowExportImportSrc",
        "nixpkgs": "nixpkgs",
        "xcsf": "xcsf"
      }
    },
    "xcsf": {
      "inputs": {
        "dSFMTSource": "dSFMTSource",
        "nixpkgs": [
          "nixpkgs"
        ]
      },
      "locked": {
        "lastModified": 1697543253,
        "narHash": "sha256-1b0ZQcXvBmK7AQ+mz22u2iZOFImITW6tjyrKTF4NvPg=",
        "owner": "dpaetzel",
        "repo": "xcsf",
        "rev": "231ea5d592b92b70a06a5c43bcea54ede3c4e2a6",
        "type": "github"
      },
      "original": {
        "owner": "dpaetzel",
        "ref": "flake",
        "repo": "xcsf",
        "type": "github"
      }
    }
  },
  "root": "root",
  "version": 7
}
